<?xml version="1.0" encoding="utf-8"?>
<Project ToolsVersion="4.0" xmlns="http://schemas.microsoft.com/developer/msbuild/2003">
  <ItemGroup>
    <Filter Include="Source Files">
      <UniqueIdentifier>{4FC737F1-C7A5-4376-A066-2A32D752A2FF}</UniqueIdentifier>
      <Extensions>cpp;c;cc;cxx;def;odl;idl;hpj;bat;asm;asmx</Extensions>
    </Filter>
    <Filter Include="Header Files">
      <UniqueIdentifier>{93995380-89BD-4b04-88EB-625FBE52EBFB}</UniqueIdentifier>
      <Extensions>h;hh;hpp;hxx;hm;inl;inc;xsd</Extensions>
    </Filter>
    <Filter Include="Resource Files">
      <UniqueIdentifier>{67DA6AB6-F800-4c08-8B7A-83BB121AAD01}</UniqueIdentifier>
      <Extensions>rc;ico;cur;bmp;dlg;rc2;rct;bin;rgs;gif;jpg;jpeg;jpe;resx;tiff;tif;png;wav;mfcribbon-ms</Extensions>
    </Filter>
  </ItemGroup>
  <ItemGroup>
    <Text Include="ReadMe.txt" />
  </ItemGroup>
  <ItemGroup>
    <ClInclude Include="stdafx.h">
      <Filter>Header Files</Filter>
    </ClInclude>
    <ClInclude Include="targetver.h">
      <Filter>Header Files</Filter>
    </ClInclude>
    <ClInclude Include="..\LittleMouseThing\CharEncodingEnum.h">
      <Filter>Header Files</Filter>
    </ClInclude>
    <ClInclude Include="..\LittleMouseThing\Exception.h">
      <Filter>Header Files</Filter>
    </ClInclude>
    <ClInclude Include="..\LittleMouseThing\FontAttributeStructs.h">
      <Filter>Header Files</Filter>
    </ClInclude>
    <ClInclude Include="..\LittleMouseThing\Geometry.h">
      <Filter>Header Files</Filter>
    </ClInclude>
    <ClInclude Include="..\LittleMouseThing\ImageLoader.h">
      <Filter>Header Files</Filter>
    </ClInclude>
    <ClInclude Include="..\LittleMouseThing\Keyboard.h">
      <Filter>Header Files</Filter>
    </ClInclude>
    <ClInclude Include="..\LittleMouseThing\LinePrimitive.h">
      <Filter>Header Files</Filter>
    </ClInclude>
    <ClInclude Include="..\LittleMouseThing\LMWrapper.h">
      <Filter>Header Files</Filter>
    </ClInclude>
    <ClInclude Include="..\LittleMouseThing\Mouse.h">
      <Filter>Header Files</Filter>
    </ClInclude>
    <ClInclude Include="..\LittleMouseThing\PixelPrimitive.h">
      <Filter>Header Files</Filter>
    </ClInclude>
    <ClInclude Include="..\LittleMouseThing\Point2.h">
      <Filter>Header Files</Filter>
    </ClInclude>
    <ClInclude Include="..\LittleMouseThing\Primitive.h">
      <Filter>Header Files</Filter>
    </ClInclude>
    <ClInclude Include="..\LittleMouseThing\Primitives.h">
      <Filter>Header Files</Filter>
    </ClInclude>
    <ClInclude Include="..\LittleMouseThing\Rect.h">
      <Filter>Header Files</Filter>
    </ClInclude>
    <ClInclude Include="..\LittleMouseThing\RectPrimitive.h">
      <Filter>Header Files</Filter>
    </ClInclude>
    <ClInclude Include="..\LittleMouseThing\SDLExtensionConfig.h">
      <Filter>Header Files</Filter>
    </ClInclude>
    <ClInclude Include="..\LittleMouseThing\SDLImage.h">
      <Filter>Header Files</Filter>
    </ClInclude>
    <ClInclude Include="..\LittleMouseThing\SDLRenderer.h">
      <Filter>Header Files</Filter>
    </ClInclude>
    <ClInclude Include="..\LittleMouseThing\SDLRenderFlipEnum.h">
      <Filter>Header Files</Filter>
    </ClInclude>
    <ClInclude Include="..\LittleMouseThing\SDLSurface.h">
      <Filter>Header Files</Filter>
    </ClInclude>
    <ClInclude Include="..\LittleMouseThing\SDLTexture.h">
      <Filter>Header Files</Filter>
    </ClInclude>
    <ClInclude Include="..\LittleMouseThing\SDLTTFont.h">
      <Filter>Header Files</Filter>
    </ClInclude>
    <ClInclude Include="..\LittleMouseThing\SDLWindow.h">
      <Filter>Header Files</Filter>
    </ClInclude>
    <ClInclude Include="..\LittleMouseThing\SDLWindowModeEnum.h">
      <Filter>Header Files</Filter>
    </ClInclude>
    <ClInclude Include="..\LittleMouseThing\Structs.h">
      <Filter>Header Files</Filter>
    </ClInclude>
    <ClInclude Include="..\LittleMouseThing\TextRenderModeEnum.h">
      <Filter>Header Files</Filter>
    </ClInclude>
    <ClInclude Include="..\LittleMouseThing\TTFText.h">
      <Filter>Header Files</Filter>
    </ClInclude>
    <ClInclude Include="..\LittleMouseThing\Vector2.h">
      <Filter>Header Files</Filter>
    </ClInclude>
  </ItemGroup>
  <ItemGroup>
    <ClCompile Include="stdafx.cpp">
      <Filter>Source Files</Filter>
    </ClCompile>
    <ClCompile Include="SDLWrapper.cpp">
      <Filter>Source Files</Filter>
    </ClCompile>
    <ClCompile Include="dllmain.cpp">
      <Filter>Source Files</Filter>
    </ClCompile>
    <ClCompile Include="..\LittleMouseThing\Exception.cpp">
      <Filter>Source Files</Filter>
    </ClCompile>
    <ClCompile Include="..\LittleMouseThing\ImageLoader.cpp">
      <Filter>Source Files</Filter>
    </ClCompile>
    <ClCompile Include="..\LittleMouseThing\Keyboard.cpp">
      <Filter>Source Files</Filter>
    </ClCompile>
    <ClCompile Include="..\LittleMouseThing\LinePrimitive.cpp">
      <Filter>Source Files</Filter>
    </ClCompile>
    <ClCompile Include="..\LittleMouseThing\Mouse.cpp">
      <Filter>Source Files</Filter>
    </ClCompile>
    <ClCompile Include="..\LittleMouseThing\PixelPrimitive.cpp">
      <Filter>Source Files</Filter>
    </ClCompile>
    <ClCompile Include="..\LittleMouseThing\Point2.cpp">
      <Filter>Source Files</Filter>
    </ClCompile>
    <ClCompile Include="..\LittleMouseThing\Primitive.cpp">
      <Filter>Source Files</Filter>
    </ClCompile>
    <ClCompile Include="..\LittleMouseThing\Rect.cpp">
      <Filter>Source Files</Filter>
    </ClCompile>
    <ClCompile Include="..\LittleMouseThing\RectPrimitive.cpp">
      <Filter>Source Files</Filter>
    </ClCompile>
    <ClCompile Include="..\LittleMouseThing\SDLImage.cpp">
      <Filter>Source Files</Filter>
    </ClCompile>
    <ClCompile Include="..\LittleMouseThing\SDLRenderer.cpp">
      <Filter>Source Files</Filter>
    </ClCompile>
    <ClCompile Include="..\LittleMouseThing\SDLSurface.cpp">
      <Filter>Source Files</Filter>
    </ClCompile>
    <ClCompile Include="..\LittleMouseThing\SDLTexture.cpp">
      <Filter>Source Files</Filter>
    </ClCompile>
    <ClCompile Include="..\LittleMouseThing\SDLTTFont.cpp">
      <Filter>Source Files</Filter>
    </ClCompile>
    <ClCompile Include="..\LittleMouseThing\SDLWindow.cpp">
      <Filter>Source Files</Filter>
    </ClCompile>
    <ClCompile Include="..\LittleMouseThing\TTFText.cpp">
      <Filter>Source Files</Filter>
    </ClCompile>
    <ClCompile Include="..\LittleMouseThing\Vector2.cpp">
      <Filter>Source Files</Filter>
    </ClCompile>
  </ItemGroup>
</Project>